// !$*UTF8*$!
{
	archiveVersion = 1;
	classes = {
	};
	objectVersion = 56;
	objects = {

/* Begin PBXBuildFile section */
		1CF0D0F42B49D395001D2CB5 /* SirixOpenAIApp.swift in Sources */ = {isa = PBXBuildFile; fileRef = 1CF0D0F32B49D395001D2CB5 /* SirixOpenAIApp.swift */; };
		1CF0D0F62B49D395001D2CB5 /* ContentView.swift in Sources */ = {isa = PBXBuildFile; fileRef = 1CF0D0F52B49D395001D2CB5 /* ContentView.swift */; };
		1CF0D0F82B49D397001D2CB5 /* Assets.xcassets in Resources */ = {isa = PBXBuildFile; fileRef = 1CF0D0F72B49D397001D2CB5 /* Assets.xcassets */; };
		1CF0D0FB2B49D397001D2CB5 /* Preview Assets.xcassets in Resources */ = {isa = PBXBuildFile; fileRef = 1CF0D0FA2B49D397001D2CB5 /* Preview Assets.xcassets */; };
		1CF0D1052B49D397001D2CB5 /* SirixOpenAITests.swift in Sources */ = {isa = PBXBuildFile; fileRef = 1CF0D1042B49D397001D2CB5 /* SirixOpenAITests.swift */; };
		1CF0D10F2B49D397001D2CB5 /* SirixOpenAIUITests.swift in Sources */ = {isa = PBXBuildFile; fileRef = 1CF0D10E2B49D397001D2CB5 /* SirixOpenAIUITests.swift */; };
		1CF0D1112B49D397001D2CB5 /* SirixOpenAIUITestsLaunchTests.swift in Sources */ = {isa = PBXBuildFile; fileRef = 1CF0D1102B49D397001D2CB5 /* SirixOpenAIUITestsLaunchTests.swift */; };
/* End PBXBuildFile section */

/* Begin PBXContainerItemProxy section */
		1CF0D1012B49D397001D2CB5 /* PBXContainerItemProxy */ = {
			isa = PBXContainerItemProxy;
			containerPortal = 1CF0D0E82B49D395001D2CB5 /* Project object */;
			proxyType = 1;
			remoteGlobalIDString = 1CF0D0EF2B49D395001D2CB5;
			remoteInfo = SirixOpenAI;
		};
		1CF0D10B2B49D397001D2CB5 /* PBXContainerItemProxy */ = {
			isa = PBXContainerItemProxy;
			containerPortal = 1CF0D0E82B49D395001D2CB5 /* Project object */;
			proxyType = 1;
			remoteGlobalIDString = 1CF0D0EF2B49D395001D2CB5;
			remoteInfo = SirixOpenAI;
		};
/* End PBXContainerItemProxy section */

/* Begin PBXFileReference section */
		1CF0D0F02B49D395001D2CB5 /* SirixOpenAI.app */ = {isa = PBXFileReference; explicitFileType = wrapper.application; includeInIndex = 0; path = SirixOpenAI.app; sourceTree = BUILT_PRODUCTS_DIR; };
		1CF0D0F32B49D395001D2CB5 /* SirixOpenAIApp.swift */ = {isa = PBXFileReference; lastKnownFileType = sourcecode.swift; path = SirixOpenAIApp.swift; sourceTree = "<group>"; };
		1CF0D0F52B49D395001D2CB5 /* ContentView.swift */ = {isa = PBXFileReference; lastKnownFileType = sourcecode.swift; path = ContentView.swift; sourceTree = "<group>"; };
		1CF0D0F72B49D397001D2CB5 /* Assets.xcassets */ = {isa = PBXFileReference; lastKnownFileType = folder.assetcatalog; path = Assets.xcassets; sourceTree = "<group>"; };
		1CF0D0FA2B49D397001D2CB5 /* Preview Assets.xcassets */ = {isa = PBXFileReference; lastKnownFileType = folder.assetcatalog; path = "Preview Assets.xcassets"; sourceTree = "<group>"; };
		1CF0D1002B49D397001D2CB5 /* SirixOpenAITests.xctest */ = {isa = PBXFileReference; explicitFileType = wrapper.cfbundle; includeInIndex = 0; path = SirixOpenAITests.xctest; sourceTree = BUILT_PRODUCTS_DIR; };
		1CF0D1042B49D397001D2CB5 /* SirixOpenAITests.swift */ = {isa = PBXFileReference; lastKnownFileType = sourcecode.swift; path = SirixOpenAITests.swift; sourceTree = "<group>"; };
		1CF0D10A2B49D397001D2CB5 /* SirixOpenAIUITests.xctest */ = {isa = PBXFileReference; explicitFileType = wrapper.cfbundle; includeInIndex = 0; path = SirixOpenAIUITests.xctest; sourceTree = BUILT_PRODUCTS_DIR; };
		1CF0D10E2B49D397001D2CB5 /* SirixOpenAIUITests.swift */ = {isa = PBXFileReference; lastKnownFileType = sourcecode.swift; path = SirixOpenAIUITests.swift; sourceTree = "<group>"; };
		1CF0D1102B49D397001D2CB5 /* SirixOpenAIUITestsLaunchTests.swift */ = {isa = PBXFileReference; lastKnownFileType = sourcecode.swift; path = SirixOpenAIUITestsLaunchTests.swift; sourceTree = "<group>"; };
/* End PBXFileReference section */

/* Begin PBXFrameworksBuildPhase section */
		1CF0D0ED2B49D395001D2CB5 /* Frameworks */ = {
			isa = PBXFrameworksBuildPhase;
			buildActionMask = 2147483647;
			files = (
			);
			runOnlyForDeploymentPostprocessing = 0;
		};
		1CF0D0FD2B49D397001D2CB5 /* Frameworks */ = {
			isa = PBXFrameworksBuildPhase;
			buildActionMask = 2147483647;
			files = (
			);
			runOnlyForDeploymentPostprocessing = 0;
		};
		1CF0D1072B49D397001D2CB5 /* Frameworks */ = {
			isa = PBXFrameworksBuildPhase;
			buildActionMask = 2147483647;
			files = (
			);
			runOnlyForDeploymentPostprocessing = 0;
		};
/* End PBXFrameworksBuildPhase section */

/* Begin PBXGroup section */
		1CF0D0E72B49D395001D2CB5 = {
			isa = PBXGroup;
			children = (
				1CF0D0F22B49D395001D2CB5 /* SirixOpenAI */,
				1CF0D1032B49D397001D2CB5 /* SirixOpenAITests */,
				1CF0D10D2B49D397001D2CB5 /* SirixOpenAIUITests */,
				1CF0D0F12B49D395001D2CB5 /* Products */,
			);
			sourceTree = "<group>";
		};
		1CF0D0F12B49D395001D2CB5 /* Products */ = {
			isa = PBXGroup;
			children = (
				1CF0D0F02B49D395001D2CB5 /* SirixOpenAI.app */,
				1CF0D1002B49D397001D2CB5 /* SirixOpenAITests.xctest */,
				1CF0D10A2B49D397001D2CB5 /* SirixOpenAIUITests.xctest */,
			);
			name = Products;
			sourceTree = "<group>";
		};
		1CF0D0F22B49D395001D2CB5 /* SirixOpenAI */ = {
			isa = PBXGroup;
			children = (
				1CF0D0F32B49D395001D2CB5 /* SirixOpenAIApp.swift */,
				1CF0D0F52B49D395001D2CB5 /* ContentView.swift */,
				1CF0D0F72B49D397001D2CB5 /* Assets.xcassets */,
				1CF0D0F92B49D397001D2CB5 /* Preview Content */,
			);
			path = SirixOpenAI;
			sourceTree = "<group>";
		};
		1CF0D0F92B49D397001D2CB5 /* Preview Content */ = {
			isa = PBXGroup;
			children = (
				1CF0D0FA2B49D397001D2CB5 /* Preview Assets.xcassets */,
			);
			path = "Preview Content";
			sourceTree = "<group>";
		};
		1CF0D1032B49D397001D2CB5 /* SirixOpenAITests */ = {
			isa = PBXGroup;
			children = (
				1CF0D1042B49D397001D2CB5 /* SirixOpenAITests.swift */,
			);
			path = SirixOpenAITests;
			sourceTree = "<group>";
		};
		1CF0D10D2B49D397001D2CB5 /* SirixOpenAIUITests */ = {
			isa = PBXGroup;
			children = (
				1CF0D10E2B49D397001D2CB5 /* SirixOpenAIUITests.swift */,
				1CF0D1102B49D397001D2CB5 /* SirixOpenAIUITestsLaunchTests.swift */,
			);
			path = SirixOpenAIUITests;
			sourceTree = "<group>";
		};
/* End PBXGroup section */

/* Begin PBXNativeTarget section */
		1CF0D0EF2B49D395001D2CB5 /* SirixOpenAI */ = {
			isa = PBXNativeTarget;
			buildConfigurationList = 1CF0D1142B49D397001D2CB5 /* Build configuration list for PBXNativeTarget "SirixOpenAI" */;
			buildPhases = (
				1CF0D0EC2B49D395001D2CB5 /* Sources */,
				1CF0D0ED2B49D395001D2CB5 /* Frameworks */,
				1CF0D0EE2B49D395001D2CB5 /* Resources */,
			);
			buildRules = (
			);
			dependencies = (
			);
			name = SirixOpenAI;
			productName = SirixOpenAI;
			productReference = 1CF0D0F02B49D395001D2CB5 /* SirixOpenAI.app */;
			productType = "com.apple.product-type.application";
		};
		1CF0D0FF2B49D397001D2CB5 /* SirixOpenAITests */ = {
			isa = PBXNativeTarget;
			buildConfigurationList = 1CF0D1172B49D397001D2CB5 /* Build configuration list for PBXNativeTarget "SirixOpenAITests" */;
			buildPhases = (
				1CF0D0FC2B49D397001D2CB5 /* Sources */,
				1CF0D0FD2B49D397001D2CB5 /* Frameworks */,
				1CF0D0FE2B49D397001D2CB5 /* Resources */,
			);
			buildRules = (
			);
			dependencies = (
				1CF0D1022B49D397001D2CB5 /* PBXTargetDependency */,
			);
			name = SirixOpenAITests;
			productName = SirixOpenAITests;
			productReference = 1CF0D1002B49D397001D2CB5 /* SirixOpenAITests.xctest */;
			productType = "com.apple.product-type.bundle.unit-test";
		};
		1CF0D1092B49D397001D2CB5 /* SirixOpenAIUITests */ = {
			isa = PBXNativeTarget;
			buildConfigurationList = 1CF0D11A2B49D397001D2CB5 /* Build configuration list for PBXNativeTarget "SirixOpenAIUITests" */;
			buildPhases = (
				1CF0D1062B49D397001D2CB5 /* Sources */,
				1CF0D1072B49D397001D2CB5 /* Frameworks */,
				1CF0D1082B49D397001D2CB5 /* Resources */,
			);
			buildRules = (
			);
			dependencies = (
				1CF0D10C2B49D397001D2CB5 /* PBXTargetDependency */,
			);
			name = SirixOpenAIUITests;
			productName = SirixOpenAIUITests;
			productReference = 1CF0D10A2B49D397001D2CB5 /* SirixOpenAIUITests.xctest */;
			productType = "com.apple.product-type.bundle.ui-testing";
		};
/* End PBXNativeTarget section */

/* Begin PBXProject section */
		1CF0D0E82B49D395001D2CB5 /* Project object */ = {
			isa = PBXProject;
			attributes = {
				BuildIndependentTargetsInParallel = 1;
				LastSwiftUpdateCheck = 1500;
				LastUpgradeCheck = 1500;
				TargetAttributes = {
					1CF0D0EF2B49D395001D2CB5 = {
						CreatedOnToolsVersion = 15.0.1;
					};
					1CF0D0FF2B49D397001D2CB5 = {
						CreatedOnToolsVersion = 15.0.1;
						TestTargetID = 1CF0D0EF2B49D395001D2CB5;
					};
					1CF0D1092B49D397001D2CB5 = {
						CreatedOnToolsVersion = 15.0.1;
						TestTargetID = 1CF0D0EF2B49D395001D2CB5;
					};
				};
			};
			buildConfigurationList = 1CF0D0EB2B49D395001D2CB5 /* Build configuration list for PBXProject "SirixOpenAI" */;
			compatibilityVersion = "Xcode 14.0";
			developmentRegion = en;
			hasScannedForEncodings = 0;
			knownRegions = (
				en,
				Base,
			);
			mainGroup = 1CF0D0E72B49D395001D2CB5;
			productRefGroup = 1CF0D0F12B49D395001D2CB5 /* Products */;
			projectDirPath = "";
			projectRoot = "";
			targets = (
				1CF0D0EF2B49D395001D2CB5 /* SirixOpenAI */,
				1CF0D0FF2B49D397001D2CB5 /* SirixOpenAITests */,
				1CF0D1092B49D397001D2CB5 /* SirixOpenAIUITests */,
			);
		};
/* End PBXProject section */

/* Begin PBXResourcesBuildPhase section */
		1CF0D0EE2B49D395001D2CB5 /* Resources */ = {
			isa = PBXResourcesBuildPhase;
			buildActionMask = 2147483647;
			files = (
				1CF0D0FB2B49D397001D2CB5 /* Preview Assets.xcassets in Resources */,
				1CF0D0F82B49D397001D2CB5 /* Assets.xcassets in Resources */,
			);
			runOnlyForDeploymentPostprocessing = 0;
		};
		1CF0D0FE2B49D397001D2CB5 /* Resources */ = {
			isa = PBXResourcesBuildPhase;
			buildActionMask = 2147483647;
			files = (
			);
			runOnlyForDeploymentPostprocessing = 0;
		};
		1CF0D1082B49D397001D2CB5 /* Resources */ = {
			isa = PBXResourcesBuildPhase;
			buildActionMask = 2147483647;
			files = (
			);
			runOnlyForDeploymentPostprocessing = 0;
		};
/* End PBXResourcesBuildPhase section */

/* Begin PBXSourcesBuildPhase section */
		1CF0D0EC2B49D395001D2CB5 /* Sources */ = {
			isa = PBXSourcesBuildPhase;
			buildActionMask = 2147483647;
			files = (
				1CF0D0F62B49D395001D2CB5 /* ContentView.swift in Sources */,
				1CF0D0F42B49D395001D2CB5 /* SirixOpenAIApp.swift in Sources */,
			);
			runOnlyForDeploymentPostprocessing = 0;
		};
		1CF0D0FC2B49D397001D2CB5 /* Sources */ = {
			isa = PBXSourcesBuildPhase;
			buildActionMask = 2147483647;
			files = (
				1CF0D1052B49D397001D2CB5 /* SirixOpenAITests.swift in Sources */,
			);
			runOnlyForDeploymentPostprocessing = 0;
		};
		1CF0D1062B49D397001D2CB5 /* Sources */ = {
			isa = PBXSourcesBuildPhase;
			buildActionMask = 2147483647;
			files = (
				1CF0D1112B49D397001D2CB5 /* SirixOpenAIUITestsLaunchTests.swift in Sources */,
				1CF0D10F2B49D397001D2CB5 /* SirixOpenAIUITests.swift in Sources */,
			);
			runOnlyForDeploymentPostprocessing = 0;
		};
/* End PBXSourcesBuildPhase section */

/* Begin PBXTargetDependency section */
		1CF0D1022B49D397001D2CB5 /* PBXTargetDependency */ = {
			isa = PBXTargetDependency;
			target = 1CF0D0EF2B49D395001D2CB5 /* SirixOpenAI */;
			targetProxy = 1CF0D1012B49D397001D2CB5 /* PBXContainerItemProxy */;
		};
		1CF0D10C2B49D397001D2CB5 /* PBXTargetDependency */ = {
			isa = PBXTargetDependency;
			target = 1CF0D0EF2B49D395001D2CB5 /* SirixOpenAI */;
			targetProxy = 1CF0D10B2B49D397001D2CB5 /* PBXContainerItemProxy */;
		};
/* End PBXTargetDependency section */

/* Begin XCBuildConfiguration section */
		1CF0D1122B49D397001D2CB5 /* Debug */ = {
			isa = XCBuildConfiguration;
			buildSettings = {
				ALWAYS_SEARCH_USER_PATHS = NO;
				ASSETCATALOG_COMPILER_GENERATE_SWIFT_ASSET_SYMBOL_EXTENSIONS = YES;
				CLANG_ANALYZER_NONNULL = YES;
				CLANG_ANALYZER_NUMBER_OBJECT_CONVERSION = YES_AGGRESSIVE;
				CLANG_CXX_LANGUAGE_STANDARD = "gnu++20";
				CLANG_ENABLE_MODULES = YES;
				CLANG_ENABLE_OBJC_ARC = YES;
				CLANG_ENABLE_OBJC_WEAK = YES;
				CLANG_WARN_BLOCK_CAPTURE_AUTORELEASING = YES;
				CLANG_WARN_BOOL_CONVERSION = YES;
				CLANG_WARN_COMMA = YES;
				CLANG_WARN_CONSTANT_CONVERSION = YES;
				CLANG_WARN_DEPRECATED_OBJC_IMPLEMENTATIONS = YES;
				CLANG_WARN_DIRECT_OBJC_ISA_USAGE = YES_ERROR;
				CLANG_WARN_DOCUMENTATION_COMMENTS = YES;
				CLANG_WARN_EMPTY_BODY = YES;
				CLANG_WARN_ENUM_CONVERSION = YES;
				CLANG_WARN_INFINITE_RECURSION = YES;
				CLANG_WARN_INT_CONVERSION = YES;
				CLANG_WARN_NON_LITERAL_NULL_CONVERSION = YES;
				CLANG_WARN_OBJC_IMPLICIT_RETAIN_SELF = YES;
				CLANG_WARN_OBJC_LITERAL_CONVERSION = YES;
				CLANG_WARN_OBJC_ROOT_CLASS = YES_ERROR;
				CLANG_WARN_QUOTED_INCLUDE_IN_FRAMEWORK_HEADER = YES;
				CLANG_WARN_RANGE_LOOP_ANALYSIS = YES;
				CLANG_WARN_STRICT_PROTOTYPES = YES;
				CLANG_WARN_SUSPICIOUS_MOVE = YES;
				CLANG_WARN_UNGUARDED_AVAILABILITY = YES_AGGRESSIVE;
				CLANG_WARN_UNREACHABLE_CODE = YES;
				CLANG_WARN__DUPLICATE_METHOD_MATCH = YES;
				COPY_PHASE_STRIP = NO;
				DEBUG_INFORMATION_FORMAT = dwarf;
				ENABLE_STRICT_OBJC_MSGSEND = YES;
				ENABLE_TESTABILITY = YES;
				ENABLE_USER_SCRIPT_SANDBOXING = YES;
				GCC_C_LANGUAGE_STANDARD = gnu17;
				GCC_DYNAMIC_NO_PIC = NO;
				GCC_NO_COMMON_BLOCKS = YES;
				GCC_OPTIMIZATION_LEVEL = 0;
				GCC_PREPROCESSOR_DEFINITIONS = (
					"DEBUG=1",
					"$(inherited)",
				);
				GCC_WARN_64_TO_32_BIT_CONVERSION = YES;
				GCC_WARN_ABOUT_RETURN_TYPE = YES_ERROR;
				GCC_WARN_UNDECLARED_SELECTOR = YES;
				GCC_WARN_UNINITIALIZED_AUTOS = YES_AGGRESSIVE;
				GCC_WARN_UNUSED_FUNCTION = YES;
				GCC_WARN_UNUSED_VARIABLE = YES;
				IPHONEOS_DEPLOYMENT_TARGET = 17.0;
				LOCALIZATION_PREFERS_STRING_CATALOGS = YES;
				MTL_ENABLE_DEBUG_INFO = INCLUDE_SOURCE;
				MTL_FAST_MATH = YES;
				ONLY_ACTIVE_ARCH = YES;
				SDKROOT = iphoneos;
				SWIFT_ACTIVE_COMPILATION_CONDITIONS = "DEBUG $(inherited)";
				SWIFT_OPTIMIZATION_LEVEL = "-Onone";
			};
			name = Debug;
		};
		1CF0D1132B49D397001D2CB5 /* Release */ = {
			isa = XCBuildConfiguration;
			buildSettings = {
				ALWAYS_SEARCH_USER_PATHS = NO;
				ASSETCATALOG_COMPILER_GENERATE_SWIFT_ASSET_SYMBOL_EXTENSIONS = YES;
				CLANG_ANALYZER_NONNULL = YES;
				CLANG_ANALYZER_NUMBER_OBJECT_CONVERSION = YES_AGGRESSIVE;
				CLANG_CXX_LANGUAGE_STANDARD = "gnu++20";
				CLANG_ENABLE_MODULES = YES;
				CLANG_ENABLE_OBJC_ARC = YES;
				CLANG_ENABLE_OBJC_WEAK = YES;
				CLANG_WARN_BLOCK_CAPTURE_AUTORELEASING = YES;
				CLANG_WARN_BOOL_CONVERSION = YES;
				CLANG_WARN_COMMA = YES;
				CLANG_WARN_CONSTANT_CONVERSION = YES;
				CLANG_WARN_DEPRECATED_OBJC_IMPLEMENTATIONS = YES;
				CLANG_WARN_DIRECT_OBJC_ISA_USAGE = YES_ERROR;
				CLANG_WARN_DOCUMENTATION_COMMENTS = YES;
				CLANG_WARN_EMPTY_BODY = YES;
				CLANG_WARN_ENUM_CONVERSION = YES;
				CLANG_WARN_INFINITE_RECURSION = YES;
				CLANG_WARN_INT_CONVERSION = YES;
				CLANG_WARN_NON_LITERAL_NULL_CONVERSION = YES;
				CLANG_WARN_OBJC_IMPLICIT_RETAIN_SELF = YES;
				CLANG_WARN_OBJC_LITERAL_CONVERSION = YES;
				CLANG_WARN_OBJC_ROOT_CLASS = YES_ERROR;
				CLANG_WARN_QUOTED_INCLUDE_IN_FRAMEWORK_HEADER = YES;
				CLANG_WARN_RANGE_LOOP_ANALYSIS = YES;
				CLANG_WARN_STRICT_PROTOTYPES = YES;
				CLANG_WARN_SUSPICIOUS_MOVE = YES;
				CLANG_WARN_UNGUARDED_AVAILABILITY = YES_AGGRESSIVE;
				CLANG_WARN_UNREACHABLE_CODE = YES;
				CLANG_WARN__DUPLICATE_METHOD_MATCH = YES;
				COPY_PHASE_STRIP = NO;
				DEBUG_INFORMATION_FORMAT = "dwarf-with-dsym";
				ENABLE_NS_ASSERTIONS = NO;
				ENABLE_STRICT_OBJC_MSGSEND = YES;
				ENABLE_USER_SCRIPT_SANDBOXING = YES;
				GCC_C_LANGUAGE_STANDARD = gnu17;
				GCC_NO_COMMON_BLOCKS = YES;
				GCC_WARN_64_TO_32_BIT_CONVERSION = YES;
				GCC_WARN_ABOUT_RETURN_TYPE = YES_ERROR;
				GCC_WARN_UNDECLARED_SELECTOR = YES;
				GCC_WARN_UNINITIALIZED_AUTOS = YES_AGGRESSIVE;
				GCC_WARN_UNUSED_FUNCTION = YES;
				GCC_WARN_UNUSED_VARIABLE = YES;
				IPHONEOS_DEPLOYMENT_TARGET = 17.0;
				LOCALIZATION_PREFERS_STRING_CATALOGS = YES;
				MTL_ENABLE_DEBUG_INFO = NO;
				MTL_FAST_MATH = YES;
				SDKROOT = iphoneos;
				SWIFT_COMPILATION_MODE = wholemodule;
				VALIDATE_PRODUCT = YES;
			};
			name = Release;
		};
		1CF0D1152B49D397001D2CB5 /* Debug */ = {
			isa = XCBuildConfiguration;
			buildSettings = {
				ASSETCATALOG_COMPILER_APPICON_NAME = AppIcon;
				ASSETCATALOG_COMPILER_GLOBAL_ACCENT_COLOR_NAME = AccentColor;
				CODE_SIGN_STYLE = Automatic;
				CURRENT_PROJECT_VERSION = 1;
				DEVELOPMENT_ASSET_PATHS = "\"SirixOpenAI/Preview Content\"";
				DEVELOPMENT_TEAM = 8H5QMMAF7N;
				ENABLE_PREVIEWS = YES;
				GENERATE_INFOPLIST_FILE = YES;
				INFOPLIST_KEY_UIApplicationSceneManifest_Generation = YES;
				INFOPLIST_KEY_UIApplicationSupportsIndirectInputEvents = YES;
				INFOPLIST_KEY_UILaunchScreen_Generation = YES;
				INFOPLIST_KEY_UISupportedInterfaceOrientations_iPad = "UIInterfaceOrientationPortrait UIInterfaceOrientationPortraitUpsideDown UIInterfaceOrientationLandscapeLeft UIInterfaceOrientationLandscapeRight";
				INFOPLIST_KEY_UISupportedInterfaceOrientations_iPhone = "UIInterfaceOrientationPortrait UIInterfaceOrientationLandscapeLeft UIInterfaceOrientationLandscapeRight";
				LD_RUNPATH_SEARCH_PATHS = (
					"$(inherited)",
					"@executable_path/Frameworks",
				);
				MARKETING_VERSION = 1.0;
				PRODUCT_BUNDLE_IDENTIFIER = luchos.SirixOpenAI;
				PRODUCT_NAME = "$(TARGET_NAME)";
				SWIFT_EMIT_LOC_STRINGS = YES;
				SWIFT_VERSION = 5.0;
				TARGETED_DEVICE_FAMILY = "1,2";
			};
			name = Debug;
		};
		1CF0D1162B49D397001D2CB5 /* Release */ = {
			isa = XCBuildConfiguration;
			buildSettings = {
				ASSETCATALOG_COMPILER_APPICON_NAME = AppIcon;
				ASSETCATALOG_COMPILER_GLOBAL_ACCENT_COLOR_NAME = AccentColor;
				CODE_SIGN_STYLE = Automatic;
				CURRENT_PROJECT_VERSION = 1;
				DEVELOPMENT_ASSET_PATHS = "\"SirixOpenAI/Preview Content\"";
				DEVELOPMENT_TEAM = 8H5QMMAF7N;
				ENABLE_PREVIEWS = YES;
				GENERATE_INFOPLIST_FILE = YES;
				INFOPLIST_KEY_UIApplicationSceneManifest_Generation = YES;
				INFOPLIST_KEY_UIApplicationSupportsIndirectInputEvents = YES;
				INFOPLIST_KEY_UILaunchScreen_Generation = YES;
				INFOPLIST_KEY_UISupportedInterfaceOrientations_iPad = "UIInterfaceOrientationPortrait UIInterfaceOrientationPortraitUpsideDown UIInterfaceOrientationLandscapeLeft UIInterfaceOrientationLandscapeRight";
				INFOPLIST_KEY_UISupportedInterfaceOrientations_iPhone = "UIInterfaceOrientationPortrait UIInterfaceOrientationLandscapeLeft UIInterfaceOrientationLandscapeRight";
				LD_RUNPATH_SEARCH_PATHS = (
					"$(inherited)",
					"@executable_path/Frameworks",
				);
				MARKETING_VERSION = 1.0;
				PRODUCT_BUNDLE_IDENTIFIER = luchos.SirixOpenAI;
				PRODUCT_NAME = "$(TARGET_NAME)";
				SWIFT_EMIT_LOC_STRINGS = YES;
				SWIFT_VERSION = 5.0;
				TARGETED_DEVICE_FAMILY = "1,2";
			};
			name = Release;
		};
		1CF0D1182B49D397001D2CB5 /* Debug */ = {
			isa = XCBuildConfiguration;
			buildSettings = {
				ALWAYS_EMBED_SWIFT_STANDARD_LIBRARIES = YES;
				BUNDLE_LOADER = "$(TEST_HOST)";
				CODE_SIGN_STYLE = Automatic;
				CURRENT_PROJECT_VERSION = 1;
				DEVELOPMENT_TEAM = 8H5QMMAF7N;
				GENERATE_INFOPLIST_FILE = YES;
				IPHONEOS_DEPLOYMENT_TARGET = 17.0;
				MARKETING_VERSION = 1.0;
				PRODUCT_BUNDLE_IDENTIFIER = luchos.SirixOpenAITests;
				PRODUCT_NAME = "$(TARGET_NAME)";
				SWIFT_EMIT_LOC_STRINGS = NO;
				SWIFT_VERSION = 5.0;
				TARGETED_DEVICE_FAMILY = "1,2";
				TEST_HOST = "$(BUILT_PRODUCTS_DIR)/SirixOpenAI.app/$(BUNDLE_EXECUTABLE_FOLDER_PATH)/SirixOpenAI";
			};
			name = Debug;
		};
		1CF0D1192B49D397001D2CB5 /* Release */ = {
			isa = XCBuildConfiguration;
			buildSettings = {
				ALWAYS_EMBED_SWIFT_STANDARD_LIBRARIES = YES;
				BUNDLE_LOADER = "$(TEST_HOST)";
				CODE_SIGN_STYLE = Automatic;
				CURRENT_PROJECT_VERSION = 1;
				DEVELOPMENT_TEAM = 8H5QMMAF7N;
				GENERATE_INFOPLIST_FILE = YES;
				IPHONEOS_DEPLOYMENT_TARGET = 17.0;
				MARKETING_VERSION = 1.0;
				PRODUCT_BUNDLE_IDENTIFIER = luchos.SirixOpenAITests;
				PRODUCT_NAME = "$(TARGET_NAME)";
				SWIFT_EMIT_LOC_STRINGS = NO;
				SWIFT_VERSION = 5.0;
				TARGETED_DEVICE_FAMILY = "1,2";
				TEST_HOST = "$(BUILT_PRODUCTS_DIR)/SirixOpenAI.app/$(BUNDLE_EXECUTABLE_FOLDER_PATH)/SirixOpenAI";
			};
			name = Release;
		};
		1CF0D11B2B49D397001D2CB5 /* Debug */ = {
			isa = XCBuildConfiguration;
			buildSettings = {
				ALWAYS_EMBED_SWIFT_STANDARD_LIBRARIES = YES;
				CODE_SIGN_STYLE = Automatic;
				CURRENT_PROJECT_VERSION = 1;
				DEVELOPMENT_TEAM = 8H5QMMAF7N;
				GENERATE_INFOPLIST_FILE = YES;
				MARKETING_VERSION = 1.0;
				PRODUCT_BUNDLE_IDENTIFIER = luchos.SirixOpenAIUITests;
				PRODUCT_NAME = "$(TARGET_NAME)";
				SWIFT_EMIT_LOC_STRINGS = NO;
				SWIFT_VERSION = 5.0;
				TARGETED_DEVICE_FAMILY = "1,2";
				TEST_TARGET_NAME = SirixOpenAI;
			};
			name = Debug;
		};
		1CF0D11C2B49D397001D2CB5 /* Release */ = {
			isa = XCBuildConfiguration;
			buildSettings = {
				ALWAYS_EMBED_SWIFT_STANDARD_LIBRARIES = YES;
				CODE_SIGN_STYLE = Automatic;
				CURRENT_PROJECT_VERSION = 1;
				DEVELOPMENT_TEAM = 8H5QMMAF7N;
				GENERATE_INFOPLIST_FILE = YES;
				MARKETING_VERSION = 1.0;
				PRODUCT_BUNDLE_IDENTIFIER = luchos.SirixOpenAIUITests;
				PRODUCT_NAME = "$(TARGET_NAME)";
				SWIFT_EMIT_LOC_STRINGS = NO;
				SWIFT_VERSION = 5.0;
				TARGETED_DEVICE_FAMILY = "1,2";
				TEST_TARGET_NAME = SirixOpenAI;
			};
			name = Release;
		};
/* End XCBuildConfiguration section */

/* Begin XCConfigurationList section */
		1CF0D0EB2B49D395001D2CB5 /* Build configuration list for PBXProject "SirixOpenAI" */ = {
			isa = XCConfigurationList;
			buildConfigurations = (
				1CF0D1122B49D397001D2CB5 /* Debug */,
				1CF0D1132B49D397001D2CB5 /* Release */,
			);
			defaultConfigurationIsVisible = 0;
			defaultConfigurationName = Release;
		};
		1CF0D1142B49D397001D2CB5 /* Build configuration list for PBXNativeTarget "SirixOpenAI" */ = {
			isa = XCConfigurationList;
			buildConfigurations = (
				1CF0D1152B49D397001D2CB5 /* Debug */,
				1CF0D1162B49D397001D2CB5 /* Release */,
			);
			defaultConfigurationIsVisible = 0;
			defaultConfigurationName = Release;
		};
		1CF0D1172B49D397001D2CB5 /* Build configuration list for PBXNativeTarget "SirixOpenAITests" */ = {
			isa = XCConfigurationList;
			buildConfigurations = (
				1CF0D1182B49D397001D2CB5 /* Debug */,
				1CF0D1192B49D397001D2CB5 /* Release */,
			);
			defaultConfigurationIsVisible = 0;
			defaultConfigurationName = Release;
		};
		1CF0D11A2B49D397001D2CB5 /* Build configuration list for PBXNativeTarget "SirixOpenAIUITests" */ = {
			isa = XCConfigurationList;
			buildConfigurations = (
				1CF0D11B2B49D397001D2CB5 /* Debug */,
				1CF0D11C2B49D397001D2CB5 /* Release */,
			);
			defaultConfigurationIsVisible = 0;
			defaultConfigurationName = Release;
		};
/* End XCConfigurationList section */
	};
	rootObject = 1CF0D0E82B49D395001D2CB5 /* Project object */;
}
